<?xml version="1.0" encoding="utf-8"?>
<Project ToolsVersion="4.0" xmlns="http://schemas.microsoft.com/developer/msbuild/2003">
  <ItemGroup>
    <Filter Include="Archivos de origen">
      <UniqueIdentifier>{4FC737F1-C7A5-4376-A066-2A32D752A2FF}</UniqueIdentifier>
      <Extensions>cpp;c;cc;cxx;c++;cppm;ixx;def;odl;idl;hpj;bat;asm;asmx</Extensions>
    </Filter>
    <Filter Include="Archivos de encabezado">
      <UniqueIdentifier>{93995380-89BD-4b04-88EB-625FBE52EBFB}</UniqueIdentifier>
      <Extensions>h;hh;hpp;hxx;h++;hm;inl;inc;ipp;xsd</Extensions>
    </Filter>
    <Filter Include="Archivos de recursos">
      <UniqueIdentifier>{67DA6AB6-F800-4c08-8B7A-83BB121AAD01}</UniqueIdentifier>
      <Extensions>rc;ico;cur;bmp;dlg;rc2;rct;bin;rgs;gif;jpg;jpeg;jpe;resx;tiff;tif;png;wav;mfcribbon-ms</Extensions>
    </Filter>
    <Filter Include="Memory">
      <UniqueIdentifier>{14cef604-fbb0-4386-9e8b-efdcaa19527e}</UniqueIdentifier>
    </Filter>
    <Filter Include="Memory\ECS">
      <UniqueIdentifier>{25b51d2d-a54b-48b4-9293-82b32505b8a9}</UniqueIdentifier>
    </Filter>
    <Filter Include="Includes">
      <UniqueIdentifier>{84f54f05-72b6-49af-ab89-859adea9fade}</UniqueIdentifier>
    </Filter>
    <Filter Include="Includes\Utilities">
      <UniqueIdentifier>{f6a46b3d-c5e3-439e-a280-3439cc3cf424}</UniqueIdentifier>
    </Filter>
  </ItemGroup>
  <ItemGroup>
    <ClCompile Include="src\BaseApp.cpp">
      <Filter>Archivos de recursos</Filter>
    </ClCompile>
    <ClCompile Include="src\Window.cpp">
      <Filter>Archivos de recursos</Filter>
    </ClCompile>
    <ClCompile Include="src\CShape.cpp">
      <Filter>Archivos de recursos</Filter>
    </ClCompile>
    <ClCompile Include="src\main.cpp">
      <Filter>Archivos de recursos</Filter>
    </ClCompile>
    <ClCompile Include="src\ECS\Actor.cpp">
      <Filter>Archivos de recursos</Filter>
    </ClCompile>
  </ItemGroup>
  <ItemGroup>
    <ClInclude Include="include\Prerequisites.h">
      <Filter>Archivos de encabezado</Filter>
    </ClInclude>
    <ClInclude Include="include\BaseApp.h">
      <Filter>Archivos de encabezado</Filter>
    </ClInclude>
    <ClInclude Include="include\Window.h">
      <Filter>Archivos de encabezado</Filter>
    </ClInclude>
    <ClInclude Include="include\CShape.h">
      <Filter>Archivos de encabezado</Filter>
    </ClInclude>
    <ClInclude Include="include\TSharedPointer.h">
      <Filter>Memory</Filter>
    </ClInclude>
    <ClInclude Include="include\TStaticPtr.h">
      <Filter>Memory</Filter>
    </ClInclude>
    <ClInclude Include="include\TUniquePtr.h">
      <Filter>Memory</Filter>
    </ClInclude>
    <ClInclude Include="include\TWeakPointer.h">
      <Filter>Memory</Filter>
    </ClInclude>
    <ClInclude Include="Transform.h">
      <Filter>Memory\ECS</Filter>
    </ClInclude>
    <ClInclude Include="Entity.h">
      <Filter>Memory\ECS</Filter>
    </ClInclude>
    <ClInclude Include="Component.h">
      <Filter>Memory\ECS</Filter>
    </ClInclude>
    <ClInclude Include="include\ECS\Actor.h">
      <Filter>Memory\ECS</Filter>
    </ClInclude>
  </ItemGroup>
</Project>